PODS:
  - Alamofire (4.9.0)
  - AlamofireObjectMapper (5.2.1):
    - Alamofire (~> 4.7)
    - ObjectMapper (~> 3.4)
  - CryptoSwift (1.0.0)
  - CYBAVOWallet (1.1.96):
    - Alamofire (~> 4.8)
    - AlamofireObjectMapper (~> 5.2)
    - CryptoSwift
    - ObjectMapper (~> 3.4)
    - SwiftOTP
    - SwiftyUserDefaults (= 4.0.0-alpha.1)
  - GoogleSignIn (4.4.0):
    - "GoogleToolboxForMac/NSDictionary+URLArguments (~> 2.1)"
    - "GoogleToolboxForMac/NSString+URLArguments (~> 2.1)"
    - GTMSessionFetcher/Core (~> 1.1)
  - GoogleToolboxForMac/DebugUtils (2.2.1):
    - GoogleToolboxForMac/Defines (= 2.2.1)
  - GoogleToolboxForMac/Defines (2.2.1)
  - "GoogleToolboxForMac/NSDictionary+URLArguments (2.2.1)":
    - GoogleToolboxForMac/DebugUtils (= 2.2.1)
    - GoogleToolboxForMac/Defines (= 2.2.1)
    - "GoogleToolboxForMac/NSString+URLArguments (= 2.2.1)"
  - "GoogleToolboxForMac/NSString+URLArguments (2.2.1)"
  - GTMSessionFetcher/Core (1.2.2)
  - ObjectMapper (3.5.1)
  - PKHUD (5.3.0)
  - SwiftEventBus (3.0.1)
  - SwiftOTP (1.0.0):
    - CryptoSwift (>= 0.10.0)
  - SwiftyUserDefaults (4.0.0-alpha.1)
  - Toast-Swift (4.0.1)

DEPENDENCIES:
  - Alamofire (~> 4.8)
  - AlamofireObjectMapper (~> 5.2)
  - CryptoSwift
  - CYBAVOWallet (~> 1.1.0)
  - GoogleSignIn (= 4.4.0)
  - ObjectMapper (~> 3.4)
  - PKHUD (~> 5.0)
  - SwiftEventBus (from `https://github.com/cesarferreira/SwiftEventBus.git`, tag `3.0.1`)
  - SwiftOTP
  - SwiftyUserDefaults (= 4.0.0-alpha.1)
  - Toast-Swift (~> 4.0.0)

SPEC REPOS:
  https://bitbucket.org/cybavo/Specs_501.git:
    - CYBAVOWallet
  https://github.com/cocoapods/specs.git:
    - Alamofire
    - AlamofireObjectMapper
    - CryptoSwift
    - GoogleSignIn
    - GoogleToolboxForMac
    - GTMSessionFetcher
    - ObjectMapper
    - PKHUD
    - SwiftOTP
    - SwiftyUserDefaults
    - Toast-Swift

EXTERNAL SOURCES:
  SwiftEventBus:
    :git: https://github.com/cesarferreira/SwiftEventBus.git
    :tag: 3.0.1

CHECKOUT OPTIONS:
  SwiftEventBus:
    :git: https://github.com/cesarferreira/SwiftEventBus.git
    :tag: 3.0.1

SPEC CHECKSUMS:
  Alamofire: afc3e7c6db61476cb45cdd23fed06bad03bbc321
  AlamofireObjectMapper: 1989f690e982b71921b9253f53a4f33a9bc00d88
  CryptoSwift: d81eeaa59dc5a8d03720fe919a6fd07b51f7439f
  CYBAVOWallet: c548d1473d4134cb54fb11a3a321cddf151b5202
  GoogleSignIn: 7ff245e1a7b26d379099d3243a562f5747e23d39
  GoogleToolboxForMac: b3553629623a3b1bff17f555e736cd5a6d95ad55
  GTMSessionFetcher: 61bb0f61a4cb560030f1222021178008a5727a23
  ObjectMapper: 70187b8941977c62ccfb423caf6b50be405cabf0
  PKHUD: 98f3e4bc904b9c916f1c5bb6d765365b5357291b
  SwiftEventBus: 87ccaeceff91b748775e37751ae3a81ec815b3d5
  SwiftOTP: c3deebbc468b33fab479bb494d93eb5fb41ba3ed
  SwiftyUserDefaults: cebe0ff9472f52699772a514b6f7155861d8069b
  Toast-Swift: e42a638589a2f95036b4bb7626cfbdde7daf0393

PODFILE CHECKSUM: 1d0f86db3dc28ed25c0e0c09a40f2787bd058cd7

COCOAPODS: 1.7.5
