PODS:
  - Alamofire (4.9.1)
  - AlamofireObjectMapper (5.2.1):
    - Alamofire (~> 4.7)
    - ObjectMapper (~> 3.4)
  - CryptoSwift (1.0.0)
  - CYBAVOWallet (1.2.191):
    - Alamofire (~> 4.9.0)
    - AlamofireObjectMapper (~> 5.2.1)
    - CryptoSwift (= 1.0.0)
    - ObjectMapper (~> 3.5.1)
    - SwiftOTP (= 2.0.0)
    - SwiftyUserDefaults (= 4.0.0)
  - GoogleSignIn (4.4.0):
    - "GoogleToolboxForMac/NSDictionary+URLArguments (~> 2.1)"
    - "GoogleToolboxForMac/NSString+URLArguments (~> 2.1)"
    - GTMSessionFetcher/Core (~> 1.1)
  - GoogleToolboxForMac/DebugUtils (2.2.2):
    - GoogleToolboxForMac/Defines (= 2.2.2)
  - GoogleToolboxForMac/Defines (2.2.2)
  - "GoogleToolboxForMac/NSDictionary+URLArguments (2.2.2)":
    - GoogleToolboxForMac/DebugUtils (= 2.2.2)
    - GoogleToolboxForMac/Defines (= 2.2.2)
    - "GoogleToolboxForMac/NSString+URLArguments (= 2.2.2)"
  - "GoogleToolboxForMac/NSString+URLArguments (2.2.2)"
  - GTMSessionFetcher/Core (1.4.0)
  - ObjectMapper (3.5.3)
  - PKHUD (5.3.0)
  - SwiftEventBus (3.0.1)
  - SwiftOTP (2.0.0):
    - CryptoSwift (>= 1.0.0)
  - SwiftyUserDefaults (4.0.0)
  - Toast-Swift (4.0.1)

DEPENDENCIES:
  - Alamofire (~> 4.9.0)
  - AlamofireObjectMapper (~> 5.2)
  - CryptoSwift
  - CYBAVOWallet (~> 1.2.0)
  - GoogleSignIn (= 4.4.0)
  - ObjectMapper (~> 3.4)
  - PKHUD (~> 5.0)
  - SwiftEventBus (from `https://github.com/cesarferreira/SwiftEventBus.git`, tag `3.0.1`)
  - SwiftOTP
  - SwiftyUserDefaults (= 4.0.0)
  - Toast-Swift (~> 4.0.0)

SPEC REPOS:
  https://bitbucket.org/cybavo/specs_512.git:
    - CYBAVOWallet
  https://github.com/CocoaPods/Specs.git:
    - Alamofire
    - AlamofireObjectMapper
    - CryptoSwift
    - GoogleSignIn
    - GoogleToolboxForMac
    - GTMSessionFetcher
    - ObjectMapper
    - PKHUD
    - SwiftOTP
    - SwiftyUserDefaults
    - Toast-Swift

EXTERNAL SOURCES:
  SwiftEventBus:
    :git: https://github.com/cesarferreira/SwiftEventBus.git
    :tag: 3.0.1

CHECKOUT OPTIONS:
  SwiftEventBus:
    :git: https://github.com/cesarferreira/SwiftEventBus.git
    :tag: 3.0.1

SPEC CHECKSUMS:
  Alamofire: 85e8a02c69d6020a0d734f6054870d7ecb75cf18
  AlamofireObjectMapper: 1989f690e982b71921b9253f53a4f33a9bc00d88
  CryptoSwift: d81eeaa59dc5a8d03720fe919a6fd07b51f7439f
  CYBAVOWallet: c7b1f462bb40465c27f4c4e1fc0802128681cd7b
  GoogleSignIn: 7ff245e1a7b26d379099d3243a562f5747e23d39
  GoogleToolboxForMac: 800648f8b3127618c1b59c7f97684427630c5ea3
  GTMSessionFetcher: 6f5c8abbab8a9bce4bb3f057e317728ec6182b10
  ObjectMapper: 97111c97e054a6ee25917662106689f0b4127b37
  PKHUD: 98f3e4bc904b9c916f1c5bb6d765365b5357291b
  SwiftEventBus: 87ccaeceff91b748775e37751ae3a81ec815b3d5
  SwiftOTP: f5e4df69cd4d1642e4bb3cb9e12bf6e9669ea164
  SwiftyUserDefaults: 6a1951df1daa19337862b677dd9a4b9bd4c288cd
  Toast-Swift: e42a638589a2f95036b4bb7626cfbdde7daf0393

PODFILE CHECKSUM: 441de3185c08d7e5a1de698feed1ad2189e7202b

COCOAPODS: 1.9.3
