// !$*UTF8*$!
{
	archiveVersion = 1;
	classes = {
	};
	objectVersion = 51;
	objects = {

/* Begin PBXBuildFile section */
		32D414108B20DF048B0CE47A /* Pods_WalletSDKDemoTests.framework in Frameworks */ = {isa = PBXBuildFile; fileRef = 49FD0FF31EEA55A7C157B9A6 /* Pods_WalletSDKDemoTests.framework */; };
		8B80ACC218063B22BF4C9816 /* Pods_WalletSDKDemo.framework in Frameworks */ = {isa = PBXBuildFile; fileRef = C6233C7F74790D4EDA83B155 /* Pods_WalletSDKDemo.framework */; };
		A650F8972330813700591FDD /* EosResourceController.swift in Sources */ = {isa = PBXBuildFile; fileRef = A650F8962330813700591FDD /* EosResourceController.swift */; };
		A65B629A232F99A5003269F2 /* SSRadioButton.swift in Sources */ = {isa = PBXBuildFile; fileRef = A65B6297232F99A5003269F2 /* SSRadioButton.swift */; };
		A65B629B232F99A5003269F2 /* SSRadioButtonsController.swift in Sources */ = {isa = PBXBuildFile; fileRef = A65B6298232F99A5003269F2 /* SSRadioButtonsController.swift */; };
		A65B629C232F99A5003269F2 /* PaddingLable.swift in Sources */ = {isa = PBXBuildFile; fileRef = A65B6299232F99A5003269F2 /* PaddingLable.swift */; };
		A6B43662235D4F990028D361 /* PinInputViewController.swift in Sources */ = {isa = PBXBuildFile; fileRef = A6B43660235D4F990028D361 /* PinInputViewController.swift */; };
		A6B43663235D4F990028D361 /* PinInputViewController.xib in Resources */ = {isa = PBXBuildFile; fileRef = A6B43661235D4F990028D361 /* PinInputViewController.xib */; };
		A6F7177B23682ADC009F3BDE /* PinInputViewController.swift in Sources */ = {isa = PBXBuildFile; fileRef = A6F7177923682ADB009F3BDE /* PinInputViewController.swift */; };
		A6F7177C23682ADC009F3BDE /* PinInputViewController.xib in Resources */ = {isa = PBXBuildFile; fileRef = A6F7177A23682ADB009F3BDE /* PinInputViewController.xib */; };
		BF2E1A9721EC7FC40034EBDF /* QRCodeScanController.swift in Sources */ = {isa = PBXBuildFile; fileRef = BF2E1A9621EC7FC40034EBDF /* QRCodeScanController.swift */; };
		BF2E1A9B21ECA6450034EBDF /* HistoryItemCell.swift in Sources */ = {isa = PBXBuildFile; fileRef = BF2E1A9A21ECA6450034EBDF /* HistoryItemCell.swift */; };
		BF2E1A9D21ECB6240034EBDF /* TransactionDetailController.swift in Sources */ = {isa = PBXBuildFile; fileRef = BF2E1A9C21ECB6240034EBDF /* TransactionDetailController.swift */; };
		BF2E1A9F21ECBC9C0034EBDF /* CurrencyHelper.swift in Sources */ = {isa = PBXBuildFile; fileRef = BF2E1A9E21ECBC9C0034EBDF /* CurrencyHelper.swift */; };
		BF2E1AC321EDBF530034EBDF /* SettingsController.swift in Sources */ = {isa = PBXBuildFile; fileRef = BF2E1AC221EDBF530034EBDF /* SettingsController.swift */; };
		BF2E1AC521EDE6E00034EBDF /* RecoveryRequestController.swift in Sources */ = {isa = PBXBuildFile; fileRef = BF2E1AC421EDE6E00034EBDF /* RecoveryRequestController.swift */; };
		BF2E1AC921EF06410034EBDF /* NavigationHelper.swift in Sources */ = {isa = PBXBuildFile; fileRef = BF2E1AC821EF06410034EBDF /* NavigationHelper.swift */; };
		BF2E67012244911600A6B671 /* Settings.bundle in Resources */ = {isa = PBXBuildFile; fileRef = BF2E67002244911600A6B671 /* Settings.bundle */; };
		BF47F1A321E6E9FD004A3849 /* WalletDetailController.swift in Sources */ = {isa = PBXBuildFile; fileRef = BF47F1A221E6E9FD004A3849 /* WalletDetailController.swift */; };
		BF47F1A521E6EA51004A3849 /* DepositController.swift in Sources */ = {isa = PBXBuildFile; fileRef = BF47F1A421E6EA51004A3849 /* DepositController.swift */; };
		BF47F1A721E6EA70004A3849 /* WithdrawController.swift in Sources */ = {isa = PBXBuildFile; fileRef = BF47F1A621E6EA70004A3849 /* WithdrawController.swift */; };
		BF47F1AB21E6F4B4004A3849 /* AddWalletController.swift in Sources */ = {isa = PBXBuildFile; fileRef = BF47F1AA21E6F4B4004A3849 /* AddWalletController.swift */; };
		BF47F1AE21E726A1004A3849 /* Currency.swift in Sources */ = {isa = PBXBuildFile; fileRef = BF47F1AD21E726A1004A3849 /* Currency.swift */; };
		BF47F1B221E868D3004A3849 /* Wallet.swift in Sources */ = {isa = PBXBuildFile; fileRef = BF47F1B121E868D3004A3849 /* Wallet.swift */; };
		BF47F1B521E87F69004A3849 /* UIButton.swift in Sources */ = {isa = PBXBuildFile; fileRef = BF47F1B421E87F69004A3849 /* UIButton.swift */; };
		BF47F1B721E8836E004A3849 /* UITextField.swift in Sources */ = {isa = PBXBuildFile; fileRef = BF47F1B621E8836E004A3849 /* UITextField.swift */; };
		BF7FADD621E44B1600688765 /* AnswerListController.swift in Sources */ = {isa = PBXBuildFile; fileRef = BF7FADD521E44B1600688765 /* AnswerListController.swift */; };
		BF8B1C9921D5C88A00C593C2 /* AppDelegate.swift in Sources */ = {isa = PBXBuildFile; fileRef = BF8B1C9821D5C88A00C593C2 /* AppDelegate.swift */; };
		BF8B1C9D21D5C88A00C593C2 /* LoginViewController.swift in Sources */ = {isa = PBXBuildFile; fileRef = BF8B1C9C21D5C88A00C593C2 /* LoginViewController.swift */; };
		BF8B1CA221D5C88A00C593C2 /* Main.storyboard in Resources */ = {isa = PBXBuildFile; fileRef = BF8B1CA021D5C88A00C593C2 /* Main.storyboard */; };
		BF8B1CA421D5C88B00C593C2 /* Assets.xcassets in Resources */ = {isa = PBXBuildFile; fileRef = BF8B1CA321D5C88B00C593C2 /* Assets.xcassets */; };
		BF8B1CA721D5C88B00C593C2 /* LaunchScreen.storyboard in Resources */ = {isa = PBXBuildFile; fileRef = BF8B1CA521D5C88B00C593C2 /* LaunchScreen.storyboard */; };
		BF8B1CB221D5C88C00C593C2 /* WalletSDKDemoTests.swift in Sources */ = {isa = PBXBuildFile; fileRef = BF8B1CB121D5C88C00C593C2 /* WalletSDKDemoTests.swift */; };
		BF8B1CBD21D5C88C00C593C2 /* WalletSDKDemoUITests.swift in Sources */ = {isa = PBXBuildFile; fileRef = BF8B1CBC21D5C88C00C593C2 /* WalletSDKDemoUITests.swift */; };
		BF8B1CCB21D5F03100C593C2 /* MainViewController.swift in Sources */ = {isa = PBXBuildFile; fileRef = BF8B1CCA21D5F03100C593C2 /* MainViewController.swift */; };
		BF8B1CCD21D5F26200C593C2 /* WalletsViewController.swift in Sources */ = {isa = PBXBuildFile; fileRef = BF8B1CCC21D5F26200C593C2 /* WalletsViewController.swift */; };
		BFA8DD7821DEF9080057E545 /* InputPINController.swift in Sources */ = {isa = PBXBuildFile; fileRef = BFA8DD7721DEF9080057E545 /* InputPINController.swift */; };
		BFA8DD7A21DEFBD10057E545 /* SetupAnswerController.swift in Sources */ = {isa = PBXBuildFile; fileRef = BFA8DD7921DEFBD10057E545 /* SetupAnswerController.swift */; };
		BFA8DD7C21DEFC6B0057E545 /* PIN.storyboard in Resources */ = {isa = PBXBuildFile; fileRef = BFA8DD7B21DEFC6B0057E545 /* PIN.storyboard */; };
		BFA8DD7F21DF00560057E545 /* ChangePINController.swift in Sources */ = {isa = PBXBuildFile; fileRef = BFA8DD7E21DF00560057E545 /* ChangePINController.swift */; };
		BFA8DD8121DF00640057E545 /* RestorePINController.swift in Sources */ = {isa = PBXBuildFile; fileRef = BFA8DD8021DF00640057E545 /* RestorePINController.swift */; };
		BFB84FD521E2F4F100221A08 /* PINInfo.swift in Sources */ = {isa = PBXBuildFile; fileRef = BFB84FD421E2F4F100221A08 /* PINInfo.swift */; };
		BFCDE08C21EF230400695243 /* SetPINController.swift in Sources */ = {isa = PBXBuildFile; fileRef = BFCDE08B21EF230400695243 /* SetPINController.swift */; };
		BFCDE08F21EF244300695243 /* CurrencyView.xib in Resources */ = {isa = PBXBuildFile; fileRef = BFCDE08E21EF244300695243 /* CurrencyView.xib */; };
		BFCDE09121EF246A00695243 /* CurrencyView.swift in Sources */ = {isa = PBXBuildFile; fileRef = BFCDE09021EF246A00695243 /* CurrencyView.swift */; };
		BFED87ED21F3146E006280D1 /* SetupPINController.swift in Sources */ = {isa = PBXBuildFile; fileRef = BFED87EC21F3146E006280D1 /* SetupPINController.swift */; };
		BFED87EF21F56ACB006280D1 /* WalletItemCell.swift in Sources */ = {isa = PBXBuildFile; fileRef = BFED87EE21F56ACB006280D1 /* WalletItemCell.swift */; };
		BFF3E20721FADEFF008D9A22 /* ToastView.swift in Sources */ = {isa = PBXBuildFile; fileRef = BFF3E20621FADEFF008D9A22 /* ToastView.swift */; };
		BFF3E20921FADF1B008D9A22 /* Debouncer.swift in Sources */ = {isa = PBXBuildFile; fileRef = BFF3E20821FADF1B008D9A22 /* Debouncer.swift */; };
/* End PBXBuildFile section */

/* Begin PBXContainerItemProxy section */
		BF8B1CAE21D5C88B00C593C2 /* PBXContainerItemProxy */ = {
			isa = PBXContainerItemProxy;
			containerPortal = BF0262FE21C8CE3700995F2D /* Project object */;
			proxyType = 1;
			remoteGlobalIDString = BF8B1C9521D5C88A00C593C2;
			remoteInfo = WalletSDKDemo;
		};
		BF8B1CB921D5C88C00C593C2 /* PBXContainerItemProxy */ = {
			isa = PBXContainerItemProxy;
			containerPortal = BF0262FE21C8CE3700995F2D /* Project object */;
			proxyType = 1;
			remoteGlobalIDString = BF8B1C9521D5C88A00C593C2;
			remoteInfo = WalletSDKDemo;
		};
/* End PBXContainerItemProxy section */

/* Begin PBXFileReference section */
		1E22914B7BBE260AC197730C /* Pods-WalletSDKDemo.debug.xcconfig */ = {isa = PBXFileReference; includeInIndex = 1; lastKnownFileType = text.xcconfig; name = "Pods-WalletSDKDemo.debug.xcconfig"; path = "Target Support Files/Pods-WalletSDKDemo/Pods-WalletSDKDemo.debug.xcconfig"; sourceTree = "<group>"; };
		49FD0FF31EEA55A7C157B9A6 /* Pods_WalletSDKDemoTests.framework */ = {isa = PBXFileReference; explicitFileType = wrapper.framework; includeInIndex = 0; path = Pods_WalletSDKDemoTests.framework; sourceTree = BUILT_PRODUCTS_DIR; };
		57C465F6F3D7CB51E4C81B51 /* Pods-WalletSDKDemoTests.debug.xcconfig */ = {isa = PBXFileReference; includeInIndex = 1; lastKnownFileType = text.xcconfig; name = "Pods-WalletSDKDemoTests.debug.xcconfig"; path = "Target Support Files/Pods-WalletSDKDemoTests/Pods-WalletSDKDemoTests.debug.xcconfig"; sourceTree = "<group>"; };
		5AF64CA89425A610BCB2DE3C /* Pods-WalletSDKDemoTests.release.xcconfig */ = {isa = PBXFileReference; includeInIndex = 1; lastKnownFileType = text.xcconfig; name = "Pods-WalletSDKDemoTests.release.xcconfig"; path = "Target Support Files/Pods-WalletSDKDemoTests/Pods-WalletSDKDemoTests.release.xcconfig"; sourceTree = "<group>"; };
		A650F8962330813700591FDD /* EosResourceController.swift */ = {isa = PBXFileReference; fileEncoding = 4; lastKnownFileType = sourcecode.swift; path = EosResourceController.swift; sourceTree = "<group>"; };
		A65B6297232F99A5003269F2 /* SSRadioButton.swift */ = {isa = PBXFileReference; fileEncoding = 4; lastKnownFileType = sourcecode.swift; path = SSRadioButton.swift; sourceTree = "<group>"; };
		A65B6298232F99A5003269F2 /* SSRadioButtonsController.swift */ = {isa = PBXFileReference; fileEncoding = 4; lastKnownFileType = sourcecode.swift; path = SSRadioButtonsController.swift; sourceTree = "<group>"; };
		A65B6299232F99A5003269F2 /* PaddingLable.swift */ = {isa = PBXFileReference; fileEncoding = 4; lastKnownFileType = sourcecode.swift; path = PaddingLable.swift; sourceTree = "<group>"; };
		A6B43660235D4F990028D361 /* PinInputViewController.swift */ = {isa = PBXFileReference; fileEncoding = 4; lastKnownFileType = sourcecode.swift; path = PinInputViewController.swift; sourceTree = "<group>"; };
		A6B43661235D4F990028D361 /* PinInputViewController.xib */ = {isa = PBXFileReference; fileEncoding = 4; lastKnownFileType = file.xib; path = PinInputViewController.xib; sourceTree = "<group>"; };
		A6F7177923682ADB009F3BDE /* PinInputViewController.swift */ = {isa = PBXFileReference; fileEncoding = 4; lastKnownFileType = sourcecode.swift; path = PinInputViewController.swift; sourceTree = "<group>"; };
		A6F7177A23682ADB009F3BDE /* PinInputViewController.xib */ = {isa = PBXFileReference; fileEncoding = 4; lastKnownFileType = file.xib; path = PinInputViewController.xib; sourceTree = "<group>"; };
		A7FB6437EEEEA066D324DF38 /* Pods-WalletSDKDemo.release.xcconfig */ = {isa = PBXFileReference; includeInIndex = 1; lastKnownFileType = text.xcconfig; name = "Pods-WalletSDKDemo.release.xcconfig"; path = "Target Support Files/Pods-WalletSDKDemo/Pods-WalletSDKDemo.release.xcconfig"; sourceTree = "<group>"; };
		BF2E1A9621EC7FC40034EBDF /* QRCodeScanController.swift */ = {isa = PBXFileReference; lastKnownFileType = sourcecode.swift; path = QRCodeScanController.swift; sourceTree = "<group>"; };
		BF2E1A9A21ECA6450034EBDF /* HistoryItemCell.swift */ = {isa = PBXFileReference; lastKnownFileType = sourcecode.swift; path = HistoryItemCell.swift; sourceTree = "<group>"; };
		BF2E1A9C21ECB6240034EBDF /* TransactionDetailController.swift */ = {isa = PBXFileReference; lastKnownFileType = sourcecode.swift; path = TransactionDetailController.swift; sourceTree = "<group>"; };
		BF2E1A9E21ECBC9C0034EBDF /* CurrencyHelper.swift */ = {isa = PBXFileReference; lastKnownFileType = sourcecode.swift; path = CurrencyHelper.swift; sourceTree = "<group>"; };
		BF2E1AC221EDBF530034EBDF /* SettingsController.swift */ = {isa = PBXFileReference; lastKnownFileType = sourcecode.swift; path = SettingsController.swift; sourceTree = "<group>"; };
		BF2E1AC421EDE6E00034EBDF /* RecoveryRequestController.swift */ = {isa = PBXFileReference; lastKnownFileType = sourcecode.swift; path = RecoveryRequestController.swift; sourceTree = "<group>"; };
		BF2E1AC821EF06410034EBDF /* NavigationHelper.swift */ = {isa = PBXFileReference; lastKnownFileType = sourcecode.swift; path = NavigationHelper.swift; sourceTree = "<group>"; };
		BF2E67002244911600A6B671 /* Settings.bundle */ = {isa = PBXFileReference; lastKnownFileType = "wrapper.plug-in"; path = Settings.bundle; sourceTree = "<group>"; };
		BF47F1A221E6E9FD004A3849 /* WalletDetailController.swift */ = {isa = PBXFileReference; lastKnownFileType = sourcecode.swift; path = WalletDetailController.swift; sourceTree = "<group>"; };
		BF47F1A421E6EA51004A3849 /* DepositController.swift */ = {isa = PBXFileReference; lastKnownFileType = sourcecode.swift; path = DepositController.swift; sourceTree = "<group>"; };
		BF47F1A621E6EA70004A3849 /* WithdrawController.swift */ = {isa = PBXFileReference; lastKnownFileType = sourcecode.swift; path = WithdrawController.swift; sourceTree = "<group>"; };
		BF47F1AA21E6F4B4004A3849 /* AddWalletController.swift */ = {isa = PBXFileReference; lastKnownFileType = sourcecode.swift; path = AddWalletController.swift; sourceTree = "<group>"; };
		BF47F1AD21E726A1004A3849 /* Currency.swift */ = {isa = PBXFileReference; lastKnownFileType = sourcecode.swift; path = Currency.swift; sourceTree = "<group>"; };
		BF47F1B121E868D3004A3849 /* Wallet.swift */ = {isa = PBXFileReference; lastKnownFileType = sourcecode.swift; path = Wallet.swift; sourceTree = "<group>"; };
		BF47F1B421E87F69004A3849 /* UIButton.swift */ = {isa = PBXFileReference; lastKnownFileType = sourcecode.swift; path = UIButton.swift; sourceTree = "<group>"; };
		BF47F1B621E8836E004A3849 /* UITextField.swift */ = {isa = PBXFileReference; lastKnownFileType = sourcecode.swift; path = UITextField.swift; sourceTree = "<group>"; };
		BF7FADD521E44B1600688765 /* AnswerListController.swift */ = {isa = PBXFileReference; lastKnownFileType = sourcecode.swift; path = AnswerListController.swift; sourceTree = "<group>"; };
		BF8B1C9621D5C88A00C593C2 /* WalletSDKDemo.app */ = {isa = PBXFileReference; explicitFileType = wrapper.application; includeInIndex = 0; path = WalletSDKDemo.app; sourceTree = BUILT_PRODUCTS_DIR; };
		BF8B1C9821D5C88A00C593C2 /* AppDelegate.swift */ = {isa = PBXFileReference; lastKnownFileType = sourcecode.swift; path = AppDelegate.swift; sourceTree = "<group>"; };
		BF8B1C9C21D5C88A00C593C2 /* LoginViewController.swift */ = {isa = PBXFileReference; lastKnownFileType = sourcecode.swift; path = LoginViewController.swift; sourceTree = "<group>"; };
		BF8B1CA121D5C88A00C593C2 /* Base */ = {isa = PBXFileReference; lastKnownFileType = file.storyboard; name = Base; path = Base.lproj/Main.storyboard; sourceTree = "<group>"; };
		BF8B1CA321D5C88B00C593C2 /* Assets.xcassets */ = {isa = PBXFileReference; lastKnownFileType = folder.assetcatalog; path = Assets.xcassets; sourceTree = "<group>"; };
		BF8B1CA621D5C88B00C593C2 /* Base */ = {isa = PBXFileReference; lastKnownFileType = file.storyboard; name = Base; path = Base.lproj/LaunchScreen.storyboard; sourceTree = "<group>"; };
		BF8B1CA821D5C88B00C593C2 /* Info.plist */ = {isa = PBXFileReference; lastKnownFileType = text.plist.xml; path = Info.plist; sourceTree = "<group>"; };
		BF8B1CAD21D5C88B00C593C2 /* WalletSDKDemoTests.xctest */ = {isa = PBXFileReference; explicitFileType = wrapper.cfbundle; includeInIndex = 0; path = WalletSDKDemoTests.xctest; sourceTree = BUILT_PRODUCTS_DIR; };
		BF8B1CB121D5C88C00C593C2 /* WalletSDKDemoTests.swift */ = {isa = PBXFileReference; lastKnownFileType = sourcecode.swift; path = WalletSDKDemoTests.swift; sourceTree = "<group>"; };
		BF8B1CB321D5C88C00C593C2 /* Info.plist */ = {isa = PBXFileReference; lastKnownFileType = text.plist.xml; path = Info.plist; sourceTree = "<group>"; };
		BF8B1CB821D5C88C00C593C2 /* WalletSDKDemoUITests.xctest */ = {isa = PBXFileReference; explicitFileType = wrapper.cfbundle; includeInIndex = 0; path = WalletSDKDemoUITests.xctest; sourceTree = BUILT_PRODUCTS_DIR; };
		BF8B1CBC21D5C88C00C593C2 /* WalletSDKDemoUITests.swift */ = {isa = PBXFileReference; lastKnownFileType = sourcecode.swift; path = WalletSDKDemoUITests.swift; sourceTree = "<group>"; };
		BF8B1CBE21D5C88C00C593C2 /* Info.plist */ = {isa = PBXFileReference; lastKnownFileType = text.plist.xml; path = Info.plist; sourceTree = "<group>"; };
		BF8B1CCA21D5F03100C593C2 /* MainViewController.swift */ = {isa = PBXFileReference; lastKnownFileType = sourcecode.swift; path = MainViewController.swift; sourceTree = "<group>"; };
		BF8B1CCC21D5F26200C593C2 /* WalletsViewController.swift */ = {isa = PBXFileReference; lastKnownFileType = sourcecode.swift; path = WalletsViewController.swift; sourceTree = "<group>"; };
		BFA8DD7721DEF9080057E545 /* InputPINController.swift */ = {isa = PBXFileReference; lastKnownFileType = sourcecode.swift; path = InputPINController.swift; sourceTree = "<group>"; };
		BFA8DD7921DEFBD10057E545 /* SetupAnswerController.swift */ = {isa = PBXFileReference; lastKnownFileType = sourcecode.swift; path = SetupAnswerController.swift; sourceTree = "<group>"; };
		BFA8DD7B21DEFC6B0057E545 /* PIN.storyboard */ = {isa = PBXFileReference; lastKnownFileType = file.storyboard; path = PIN.storyboard; sourceTree = "<group>"; };
		BFA8DD7E21DF00560057E545 /* ChangePINController.swift */ = {isa = PBXFileReference; lastKnownFileType = sourcecode.swift; path = ChangePINController.swift; sourceTree = "<group>"; };
		BFA8DD8021DF00640057E545 /* RestorePINController.swift */ = {isa = PBXFileReference; lastKnownFileType = sourcecode.swift; path = RestorePINController.swift; sourceTree = "<group>"; };
		BFB84FD421E2F4F100221A08 /* PINInfo.swift */ = {isa = PBXFileReference; lastKnownFileType = sourcecode.swift; path = PINInfo.swift; sourceTree = "<group>"; };
		BFCDE08B21EF230400695243 /* SetPINController.swift */ = {isa = PBXFileReference; fileEncoding = 4; lastKnownFileType = sourcecode.swift; path = SetPINController.swift; sourceTree = "<group>"; };
		BFCDE08E21EF244300695243 /* CurrencyView.xib */ = {isa = PBXFileReference; lastKnownFileType = file.xib; path = CurrencyView.xib; sourceTree = "<group>"; };
		BFCDE09021EF246A00695243 /* CurrencyView.swift */ = {isa = PBXFileReference; lastKnownFileType = sourcecode.swift; path = CurrencyView.swift; sourceTree = "<group>"; };
		BFED87EC21F3146E006280D1 /* SetupPINController.swift */ = {isa = PBXFileReference; lastKnownFileType = sourcecode.swift; path = SetupPINController.swift; sourceTree = "<group>"; };
		BFED87EE21F56ACB006280D1 /* WalletItemCell.swift */ = {isa = PBXFileReference; lastKnownFileType = sourcecode.swift; path = WalletItemCell.swift; sourceTree = "<group>"; };
		BFF3E20621FADEFF008D9A22 /* ToastView.swift */ = {isa = PBXFileReference; fileEncoding = 4; lastKnownFileType = sourcecode.swift; path = ToastView.swift; sourceTree = "<group>"; };
		BFF3E20821FADF1B008D9A22 /* Debouncer.swift */ = {isa = PBXFileReference; fileEncoding = 4; lastKnownFileType = sourcecode.swift; path = Debouncer.swift; sourceTree = "<group>"; };
		C6233C7F74790D4EDA83B155 /* Pods_WalletSDKDemo.framework */ = {isa = PBXFileReference; explicitFileType = wrapper.framework; includeInIndex = 0; path = Pods_WalletSDKDemo.framework; sourceTree = BUILT_PRODUCTS_DIR; };
/* End PBXFileReference section */

/* Begin PBXFrameworksBuildPhase section */
		BF8B1C9321D5C88A00C593C2 /* Frameworks */ = {
			isa = PBXFrameworksBuildPhase;
			buildActionMask = 2147483647;
			files = (
				8B80ACC218063B22BF4C9816 /* Pods_WalletSDKDemo.framework in Frameworks */,
			);
			runOnlyForDeploymentPostprocessing = 0;
		};
		BF8B1CAA21D5C88B00C593C2 /* Frameworks */ = {
			isa = PBXFrameworksBuildPhase;
			buildActionMask = 2147483647;
			files = (
				32D414108B20DF048B0CE47A /* Pods_WalletSDKDemoTests.framework in Frameworks */,
			);
			runOnlyForDeploymentPostprocessing = 0;
		};
		BF8B1CB521D5C88C00C593C2 /* Frameworks */ = {
			isa = PBXFrameworksBuildPhase;
			buildActionMask = 2147483647;
			files = (
			);
			runOnlyForDeploymentPostprocessing = 0;
		};
/* End PBXFrameworksBuildPhase section */

/* Begin PBXGroup section */
		1D5C8FB4C4C74339F00D2250 /* Frameworks */ = {
			isa = PBXGroup;
			children = (
				C6233C7F74790D4EDA83B155 /* Pods_WalletSDKDemo.framework */,
				49FD0FF31EEA55A7C157B9A6 /* Pods_WalletSDKDemoTests.framework */,
			);
			name = Frameworks;
			sourceTree = "<group>";
		};
		BDB5A4BF6CD0CAA2E88DD7B8 /* Pods */ = {
			isa = PBXGroup;
			children = (
				1E22914B7BBE260AC197730C /* Pods-WalletSDKDemo.debug.xcconfig */,
				A7FB6437EEEEA066D324DF38 /* Pods-WalletSDKDemo.release.xcconfig */,
				57C465F6F3D7CB51E4C81B51 /* Pods-WalletSDKDemoTests.debug.xcconfig */,
				5AF64CA89425A610BCB2DE3C /* Pods-WalletSDKDemoTests.release.xcconfig */,
			);
			path = Pods;
			sourceTree = "<group>";
		};
		BF0262FD21C8CE3700995F2D = {
			isa = PBXGroup;
			children = (
				BF8B1C9721D5C88A00C593C2 /* WalletSDKDemo */,
				BF8B1CB021D5C88C00C593C2 /* WalletSDKDemoTests */,
				BF8B1CBB21D5C88C00C593C2 /* WalletSDKDemoUITests */,
				BF02630821C8CE3700995F2D /* Products */,
				BDB5A4BF6CD0CAA2E88DD7B8 /* Pods */,
				1D5C8FB4C4C74339F00D2250 /* Frameworks */,
			);
			sourceTree = "<group>";
		};
		BF02630821C8CE3700995F2D /* Products */ = {
			isa = PBXGroup;
			children = (
				BF8B1C9621D5C88A00C593C2 /* WalletSDKDemo.app */,
				BF8B1CAD21D5C88B00C593C2 /* WalletSDKDemoTests.xctest */,
				BF8B1CB821D5C88C00C593C2 /* WalletSDKDemoUITests.xctest */,
			);
			name = Products;
			sourceTree = "<group>";
		};
		BF47F1A121E6E9DD004A3849 /* Wallets */ = {
			isa = PBXGroup;
			children = (
				A650F8962330813700591FDD /* EosResourceController.swift */,
				BF47F1A221E6E9FD004A3849 /* WalletDetailController.swift */,
				BF47F1A421E6EA51004A3849 /* DepositController.swift */,
				BF47F1A621E6EA70004A3849 /* WithdrawController.swift */,
				BF47F1AA21E6F4B4004A3849 /* AddWalletController.swift */,
				BF2E1A9A21ECA6450034EBDF /* HistoryItemCell.swift */,
				BF2E1A9C21ECB6240034EBDF /* TransactionDetailController.swift */,
				BFED87EE21F56ACB006280D1 /* WalletItemCell.swift */,
			);
			path = Wallets;
			sourceTree = "<group>";
		};
		BF47F1AC21E72692004A3849 /* Cache */ = {
			isa = PBXGroup;
			children = (
				BF47F1AD21E726A1004A3849 /* Currency.swift */,
				BF47F1B121E868D3004A3849 /* Wallet.swift */,
			);
			path = Cache;
			sourceTree = "<group>";
		};
		BF47F1B321E87F56004A3849 /* Helpers */ = {
			isa = PBXGroup;
			children = (
				BFF3E20821FADF1B008D9A22 /* Debouncer.swift */,
				BF2E1A9E21ECBC9C0034EBDF /* CurrencyHelper.swift */,
				BF2E1AC821EF06410034EBDF /* NavigationHelper.swift */,
			);
			path = Helpers;
			sourceTree = "<group>";
		};
		BF8B1C9721D5C88A00C593C2 /* WalletSDKDemo */ = {
			isa = PBXGroup;
			children = (
				BF2E67002244911600A6B671 /* Settings.bundle */,
				BF9B364B21F04C1600187C4F /* Extensions */,
				BFCDE08D21EF242200695243 /* View */,
				BF47F1B321E87F56004A3849 /* Helpers */,
				BF47F1AC21E72692004A3849 /* Cache */,
				BF47F1A121E6E9DD004A3849 /* Wallets */,
				BFA8DD7D21DEFFA40057E545 /* PIN */,
				BF8B1C9821D5C88A00C593C2 /* AppDelegate.swift */,
				BF8B1C9C21D5C88A00C593C2 /* LoginViewController.swift */,
				BF8B1CA021D5C88A00C593C2 /* Main.storyboard */,
				BF8B1CA321D5C88B00C593C2 /* Assets.xcassets */,
				BF8B1CA521D5C88B00C593C2 /* LaunchScreen.storyboard */,
				BF8B1CA821D5C88B00C593C2 /* Info.plist */,
				BF8B1CCA21D5F03100C593C2 /* MainViewController.swift */,
				BF8B1CCC21D5F26200C593C2 /* WalletsViewController.swift */,
				BF2E1A9621EC7FC40034EBDF /* QRCodeScanController.swift */,
				BF2E1AC221EDBF530034EBDF /* SettingsController.swift */,
			);
			path = WalletSDKDemo;
			sourceTree = "<group>";
		};
		BF8B1CB021D5C88C00C593C2 /* WalletSDKDemoTests */ = {
			isa = PBXGroup;
			children = (
				BF8B1CB121D5C88C00C593C2 /* WalletSDKDemoTests.swift */,
				BF8B1CB321D5C88C00C593C2 /* Info.plist */,
			);
			path = WalletSDKDemoTests;
			sourceTree = "<group>";
		};
		BF8B1CBB21D5C88C00C593C2 /* WalletSDKDemoUITests */ = {
			isa = PBXGroup;
			children = (
				BF8B1CBC21D5C88C00C593C2 /* WalletSDKDemoUITests.swift */,
				BF8B1CBE21D5C88C00C593C2 /* Info.plist */,
			);
			path = WalletSDKDemoUITests;
			sourceTree = "<group>";
		};
		BF9B364B21F04C1600187C4F /* Extensions */ = {
			isa = PBXGroup;
			children = (
				BF47F1B421E87F69004A3849 /* UIButton.swift */,
				BF47F1B621E8836E004A3849 /* UITextField.swift */,
			);
			path = Extensions;
			sourceTree = "<group>";
		};
		BFA8DD7D21DEFFA40057E545 /* PIN */ = {
			isa = PBXGroup;
			children = (
				BFCDE08B21EF230400695243 /* SetPINController.swift */,
				BFA8DD7B21DEFC6B0057E545 /* PIN.storyboard */,
				BFA8DD7921DEFBD10057E545 /* SetupAnswerController.swift */,
				BFA8DD7721DEF9080057E545 /* InputPINController.swift */,
				A6B43660235D4F990028D361 /* PinInputViewController.swift */,
				A6B43661235D4F990028D361 /* PinInputViewController.xib */,
				A6F7177923682ADB009F3BDE /* PinInputViewController.swift */,
				A6F7177A23682ADB009F3BDE /* PinInputViewController.xib */,
				BFA8DD7E21DF00560057E545 /* ChangePINController.swift */,
				BFA8DD8021DF00640057E545 /* RestorePINController.swift */,
				BFB84FD421E2F4F100221A08 /* PINInfo.swift */,
				BF7FADD521E44B1600688765 /* AnswerListController.swift */,
				BF2E1AC421EDE6E00034EBDF /* RecoveryRequestController.swift */,
				BFED87EC21F3146E006280D1 /* SetupPINController.swift */,
			);
			path = PIN;
			sourceTree = "<group>";
		};
		BFCDE08D21EF242200695243 /* View */ = {
			isa = PBXGroup;
			children = (
				A65B6299232F99A5003269F2 /* PaddingLable.swift */,
				A65B6297232F99A5003269F2 /* SSRadioButton.swift */,
				A65B6298232F99A5003269F2 /* SSRadioButtonsController.swift */,
				BFF3E20621FADEFF008D9A22 /* ToastView.swift */,
				BFCDE08E21EF244300695243 /* CurrencyView.xib */,
				BFCDE09021EF246A00695243 /* CurrencyView.swift */,
			);
			path = View;
			sourceTree = "<group>";
		};
/* End PBXGroup section */

/* Begin PBXNativeTarget section */
		BF8B1C9521D5C88A00C593C2 /* WalletSDKDemo */ = {
			isa = PBXNativeTarget;
			buildConfigurationList = BF8B1CC521D5C88C00C593C2 /* Build configuration list for PBXNativeTarget "WalletSDKDemo" */;
			buildPhases = (
				AC03DF8DEC60CE6A63423D09 /* [CP] Check Pods Manifest.lock */,
				BF8B1C9221D5C88A00C593C2 /* Sources */,
				BF8B1C9321D5C88A00C593C2 /* Frameworks */,
				BF8B1C9421D5C88A00C593C2 /* Resources */,
				CB54D12279E4F4BC7D4D201C /* [CP] Embed Pods Frameworks */,
				367F70785B69D996D3258F8F /* [CP] Copy Pods Resources */,
			);
			buildRules = (
			);
			dependencies = (
			);
			name = WalletSDKDemo;
			productName = WalletSDKDemo;
			productReference = BF8B1C9621D5C88A00C593C2 /* WalletSDKDemo.app */;
			productType = "com.apple.product-type.application";
		};
		BF8B1CAC21D5C88B00C593C2 /* WalletSDKDemoTests */ = {
			isa = PBXNativeTarget;
			buildConfigurationList = BF8B1CC621D5C88C00C593C2 /* Build configuration list for PBXNativeTarget "WalletSDKDemoTests" */;
			buildPhases = (
				5E4CF497DDF300798339A84D /* [CP] Check Pods Manifest.lock */,
				BF8B1CA921D5C88B00C593C2 /* Sources */,
				BF8B1CAA21D5C88B00C593C2 /* Frameworks */,
				BF8B1CAB21D5C88B00C593C2 /* Resources */,
			);
			buildRules = (
			);
			dependencies = (
				BF8B1CAF21D5C88B00C593C2 /* PBXTargetDependency */,
			);
			name = WalletSDKDemoTests;
			productName = WalletSDKDemoTests;
			productReference = BF8B1CAD21D5C88B00C593C2 /* WalletSDKDemoTests.xctest */;
			productType = "com.apple.product-type.bundle.unit-test";
		};
		BF8B1CB721D5C88C00C593C2 /* WalletSDKDemoUITests */ = {
			isa = PBXNativeTarget;
			buildConfigurationList = BF8B1CC721D5C88C00C593C2 /* Build configuration list for PBXNativeTarget "WalletSDKDemoUITests" */;
			buildPhases = (
				BF8B1CB421D5C88C00C593C2 /* Sources */,
				BF8B1CB521D5C88C00C593C2 /* Frameworks */,
				BF8B1CB621D5C88C00C593C2 /* Resources */,
			);
			buildRules = (
			);
			dependencies = (
				BF8B1CBA21D5C88C00C593C2 /* PBXTargetDependency */,
			);
			name = WalletSDKDemoUITests;
			productName = WalletSDKDemoUITests;
			productReference = BF8B1CB821D5C88C00C593C2 /* WalletSDKDemoUITests.xctest */;
			productType = "com.apple.product-type.bundle.ui-testing";
		};
/* End PBXNativeTarget section */

/* Begin PBXProject section */
		BF0262FE21C8CE3700995F2D /* Project object */ = {
			isa = PBXProject;
			attributes = {
				LastSwiftUpdateCheck = 1010;
				LastUpgradeCheck = 1010;
				ORGANIZATIONNAME = Cybavo;
				TargetAttributes = {
					BF8B1C9521D5C88A00C593C2 = {
						CreatedOnToolsVersion = 10.1;
					};
					BF8B1CAC21D5C88B00C593C2 = {
						CreatedOnToolsVersion = 10.1;
						TestTargetID = BF8B1C9521D5C88A00C593C2;
					};
					BF8B1CB721D5C88C00C593C2 = {
						CreatedOnToolsVersion = 10.1;
						TestTargetID = BF8B1C9521D5C88A00C593C2;
					};
				};
			};
			buildConfigurationList = BF02630121C8CE3700995F2D /* Build configuration list for PBXProject "CYBAVOWallet" */;
			compatibilityVersion = "Xcode 9.3";
			developmentRegion = en;
			hasScannedForEncodings = 0;
			knownRegions = (
				en,
				Base,
			);
			mainGroup = BF0262FD21C8CE3700995F2D;
			productRefGroup = BF02630821C8CE3700995F2D /* Products */;
			projectDirPath = "";
			projectRoot = "";
			targets = (
				BF8B1C9521D5C88A00C593C2 /* WalletSDKDemo */,
				BF8B1CAC21D5C88B00C593C2 /* WalletSDKDemoTests */,
				BF8B1CB721D5C88C00C593C2 /* WalletSDKDemoUITests */,
			);
		};
/* End PBXProject section */

/* Begin PBXResourcesBuildPhase section */
		BF8B1C9421D5C88A00C593C2 /* Resources */ = {
			isa = PBXResourcesBuildPhase;
			buildActionMask = 2147483647;
			files = (
				BFA8DD7C21DEFC6B0057E545 /* PIN.storyboard in Resources */,
				BF8B1CA721D5C88B00C593C2 /* LaunchScreen.storyboard in Resources */,
				A6F7177C23682ADC009F3BDE /* PinInputViewController.xib in Resources */,
				A6B43663235D4F990028D361 /* PinInputViewController.xib in Resources */,
				BF8B1CA421D5C88B00C593C2 /* Assets.xcassets in Resources */,
				BF8B1CA221D5C88A00C593C2 /* Main.storyboard in Resources */,
				BF2E67012244911600A6B671 /* Settings.bundle in Resources */,
				BFCDE08F21EF244300695243 /* CurrencyView.xib in Resources */,
			);
			runOnlyForDeploymentPostprocessing = 0;
		};
		BF8B1CAB21D5C88B00C593C2 /* Resources */ = {
			isa = PBXResourcesBuildPhase;
			buildActionMask = 2147483647;
			files = (
			);
			runOnlyForDeploymentPostprocessing = 0;
		};
		BF8B1CB621D5C88C00C593C2 /* Resources */ = {
			isa = PBXResourcesBuildPhase;
			buildActionMask = 2147483647;
			files = (
			);
			runOnlyForDeploymentPostprocessing = 0;
		};
/* End PBXResourcesBuildPhase section */

/* Begin PBXShellScriptBuildPhase section */
		367F70785B69D996D3258F8F /* [CP] Copy Pods Resources */ = {
			isa = PBXShellScriptBuildPhase;
			buildActionMask = 2147483647;
			files = (
			);
			inputFileListPaths = (
				"${PODS_ROOT}/Target Support Files/Pods-WalletSDKDemo/Pods-WalletSDKDemo-resources-${CONFIGURATION}-input-files.xcfilelist",
			);
			name = "[CP] Copy Pods Resources";
			outputFileListPaths = (
				"${PODS_ROOT}/Target Support Files/Pods-WalletSDKDemo/Pods-WalletSDKDemo-resources-${CONFIGURATION}-output-files.xcfilelist",
			);
			runOnlyForDeploymentPostprocessing = 0;
			shellPath = /bin/sh;
			shellScript = "\"${PODS_ROOT}/Target Support Files/Pods-WalletSDKDemo/Pods-WalletSDKDemo-resources.sh\"\n";
			showEnvVarsInLog = 0;
		};
		5E4CF497DDF300798339A84D /* [CP] Check Pods Manifest.lock */ = {
			isa = PBXShellScriptBuildPhase;
			buildActionMask = 2147483647;
			files = (
			);
			inputFileListPaths = (
			);
			inputPaths = (
				"${PODS_PODFILE_DIR_PATH}/Podfile.lock",
				"${PODS_ROOT}/Manifest.lock",
			);
			name = "[CP] Check Pods Manifest.lock";
			outputFileListPaths = (
			);
			outputPaths = (
				"$(DERIVED_FILE_DIR)/Pods-WalletSDKDemoTests-checkManifestLockResult.txt",
			);
			runOnlyForDeploymentPostprocessing = 0;
			shellPath = /bin/sh;
			shellScript = "diff \"${PODS_PODFILE_DIR_PATH}/Podfile.lock\" \"${PODS_ROOT}/Manifest.lock\" > /dev/null\nif [ $? != 0 ] ; then\n    # print error to STDERR\n    echo \"error: The sandbox is not in sync with the Podfile.lock. Run 'pod install' or update your CocoaPods installation.\" >&2\n    exit 1\nfi\n# This output is used by Xcode 'outputs' to avoid re-running this script phase.\necho \"SUCCESS\" > \"${SCRIPT_OUTPUT_FILE_0}\"\n";
			showEnvVarsInLog = 0;
		};
		AC03DF8DEC60CE6A63423D09 /* [CP] Check Pods Manifest.lock */ = {
			isa = PBXShellScriptBuildPhase;
			buildActionMask = 2147483647;
			files = (
			);
			inputFileListPaths = (
			);
			inputPaths = (
				"${PODS_PODFILE_DIR_PATH}/Podfile.lock",
				"${PODS_ROOT}/Manifest.lock",
			);
			name = "[CP] Check Pods Manifest.lock";
			outputFileListPaths = (
			);
			outputPaths = (
				"$(DERIVED_FILE_DIR)/Pods-WalletSDKDemo-checkManifestLockResult.txt",
			);
			runOnlyForDeploymentPostprocessing = 0;
			shellPath = /bin/sh;
			shellScript = "diff \"${PODS_PODFILE_DIR_PATH}/Podfile.lock\" \"${PODS_ROOT}/Manifest.lock\" > /dev/null\nif [ $? != 0 ] ; then\n    # print error to STDERR\n    echo \"error: The sandbox is not in sync with the Podfile.lock. Run 'pod install' or update your CocoaPods installation.\" >&2\n    exit 1\nfi\n# This output is used by Xcode 'outputs' to avoid re-running this script phase.\necho \"SUCCESS\" > \"${SCRIPT_OUTPUT_FILE_0}\"\n";
			showEnvVarsInLog = 0;
		};
		CB54D12279E4F4BC7D4D201C /* [CP] Embed Pods Frameworks */ = {
			isa = PBXShellScriptBuildPhase;
			buildActionMask = 2147483647;
			files = (
			);
			inputFileListPaths = (
				"${PODS_ROOT}/Target Support Files/Pods-WalletSDKDemo/Pods-WalletSDKDemo-frameworks-${CONFIGURATION}-input-files.xcfilelist",
			);
			name = "[CP] Embed Pods Frameworks";
			outputFileListPaths = (
				"${PODS_ROOT}/Target Support Files/Pods-WalletSDKDemo/Pods-WalletSDKDemo-frameworks-${CONFIGURATION}-output-files.xcfilelist",
			);
			runOnlyForDeploymentPostprocessing = 0;
			shellPath = /bin/sh;
			shellScript = "\"${PODS_ROOT}/Target Support Files/Pods-WalletSDKDemo/Pods-WalletSDKDemo-frameworks.sh\"\n";
			showEnvVarsInLog = 0;
		};
/* End PBXShellScriptBuildPhase section */

/* Begin PBXSourcesBuildPhase section */
		BF8B1C9221D5C88A00C593C2 /* Sources */ = {
			isa = PBXSourcesBuildPhase;
			buildActionMask = 2147483647;
			files = (
				BF47F1B521E87F69004A3849 /* UIButton.swift in Sources */,
				A6B43662235D4F990028D361 /* PinInputViewController.swift in Sources */,
				BFF3E20921FADF1B008D9A22 /* Debouncer.swift in Sources */,
				BFA8DD8121DF00640057E545 /* RestorePINController.swift in Sources */,
				BFF3E20721FADEFF008D9A22 /* ToastView.swift in Sources */,
				BF8B1C9D21D5C88A00C593C2 /* LoginViewController.swift in Sources */,
				BF47F1A321E6E9FD004A3849 /* WalletDetailController.swift in Sources */,
				A6F7177B23682ADC009F3BDE /* PinInputViewController.swift in Sources */,
				BFA8DD7A21DEFBD10057E545 /* SetupAnswerController.swift in Sources */,
				BFED87ED21F3146E006280D1 /* SetupPINController.swift in Sources */,
				A65B629C232F99A5003269F2 /* PaddingLable.swift in Sources */,
				BF47F1B221E868D3004A3849 /* Wallet.swift in Sources */,
				BF8B1CCD21D5F26200C593C2 /* WalletsViewController.swift in Sources */,
				BFCDE09121EF246A00695243 /* CurrencyView.swift in Sources */,
				BFA8DD7F21DF00560057E545 /* ChangePINController.swift in Sources */,
				BF2E1A9D21ECB6240034EBDF /* TransactionDetailController.swift in Sources */,
				BF47F1AB21E6F4B4004A3849 /* AddWalletController.swift in Sources */,
				BFB84FD521E2F4F100221A08 /* PINInfo.swift in Sources */,
				BFA8DD7821DEF9080057E545 /* InputPINController.swift in Sources */,
				BF2E1A9F21ECBC9C0034EBDF /* CurrencyHelper.swift in Sources */,
				A65B629B232F99A5003269F2 /* SSRadioButtonsController.swift in Sources */,
				BF47F1B721E8836E004A3849 /* UITextField.swift in Sources */,
				BF2E1AC521EDE6E00034EBDF /* RecoveryRequestController.swift in Sources */,
				A650F8972330813700591FDD /* EosResourceController.swift in Sources */,
				BF47F1AE21E726A1004A3849 /* Currency.swift in Sources */,
				BF8B1C9921D5C88A00C593C2 /* AppDelegate.swift in Sources */,
				BF47F1A721E6EA70004A3849 /* WithdrawController.swift in Sources */,
				BF2E1A9721EC7FC40034EBDF /* QRCodeScanController.swift in Sources */,
				BF2E1AC921EF06410034EBDF /* NavigationHelper.swift in Sources */,
				BF8B1CCB21D5F03100C593C2 /* MainViewController.swift in Sources */,
				BF2E1A9B21ECA6450034EBDF /* HistoryItemCell.swift in Sources */,
				BFED87EF21F56ACB006280D1 /* WalletItemCell.swift in Sources */,
				BF2E1AC321EDBF530034EBDF /* SettingsController.swift in Sources */,
				BF47F1A521E6EA51004A3849 /* DepositController.swift in Sources */,
				BFCDE08C21EF230400695243 /* SetPINController.swift in Sources */,
				BF7FADD621E44B1600688765 /* AnswerListController.swift in Sources */,
				A65B629A232F99A5003269F2 /* SSRadioButton.swift in Sources */,
			);
			runOnlyForDeploymentPostprocessing = 0;
		};
		BF8B1CA921D5C88B00C593C2 /* Sources */ = {
			isa = PBXSourcesBuildPhase;
			buildActionMask = 2147483647;
			files = (
				BF8B1CB221D5C88C00C593C2 /* WalletSDKDemoTests.swift in Sources */,
			);
			runOnlyForDeploymentPostprocessing = 0;
		};
		BF8B1CB421D5C88C00C593C2 /* Sources */ = {
			isa = PBXSourcesBuildPhase;
			buildActionMask = 2147483647;
			files = (
				BF8B1CBD21D5C88C00C593C2 /* WalletSDKDemoUITests.swift in Sources */,
			);
			runOnlyForDeploymentPostprocessing = 0;
		};
/* End PBXSourcesBuildPhase section */

/* Begin PBXTargetDependency section */
		BF8B1CAF21D5C88B00C593C2 /* PBXTargetDependency */ = {
			isa = PBXTargetDependency;
			target = BF8B1C9521D5C88A00C593C2 /* WalletSDKDemo */;
			targetProxy = BF8B1CAE21D5C88B00C593C2 /* PBXContainerItemProxy */;
		};
		BF8B1CBA21D5C88C00C593C2 /* PBXTargetDependency */ = {
			isa = PBXTargetDependency;
			target = BF8B1C9521D5C88A00C593C2 /* WalletSDKDemo */;
			targetProxy = BF8B1CB921D5C88C00C593C2 /* PBXContainerItemProxy */;
		};
/* End PBXTargetDependency section */

/* Begin PBXVariantGroup section */
		BF8B1CA021D5C88A00C593C2 /* Main.storyboard */ = {
			isa = PBXVariantGroup;
			children = (
				BF8B1CA121D5C88A00C593C2 /* Base */,
			);
			name = Main.storyboard;
			sourceTree = "<group>";
		};
		BF8B1CA521D5C88B00C593C2 /* LaunchScreen.storyboard */ = {
			isa = PBXVariantGroup;
			children = (
				BF8B1CA621D5C88B00C593C2 /* Base */,
			);
			name = LaunchScreen.storyboard;
			sourceTree = "<group>";
		};
/* End PBXVariantGroup section */

/* Begin XCBuildConfiguration section */
		BF02631921C8CE3700995F2D /* Debug */ = {
			isa = XCBuildConfiguration;
			buildSettings = {
				ALWAYS_SEARCH_USER_PATHS = NO;
				CLANG_ANALYZER_NONNULL = YES;
				CLANG_ANALYZER_NUMBER_OBJECT_CONVERSION = YES_AGGRESSIVE;
				CLANG_CXX_LANGUAGE_STANDARD = "gnu++14";
				CLANG_CXX_LIBRARY = "libc++";
				CLANG_ENABLE_MODULES = YES;
				CLANG_ENABLE_OBJC_ARC = YES;
				CLANG_ENABLE_OBJC_WEAK = YES;
				CLANG_WARN_BLOCK_CAPTURE_AUTORELEASING = YES;
				CLANG_WARN_BOOL_CONVERSION = YES;
				CLANG_WARN_COMMA = YES;
				CLANG_WARN_CONSTANT_CONVERSION = YES;
				CLANG_WARN_DEPRECATED_OBJC_IMPLEMENTATIONS = YES;
				CLANG_WARN_DIRECT_OBJC_ISA_USAGE = YES_ERROR;
				CLANG_WARN_DOCUMENTATION_COMMENTS = YES;
				CLANG_WARN_EMPTY_BODY = YES;
				CLANG_WARN_ENUM_CONVERSION = YES;
				CLANG_WARN_INFINITE_RECURSION = YES;
				CLANG_WARN_INT_CONVERSION = YES;
				CLANG_WARN_NON_LITERAL_NULL_CONVERSION = YES;
				CLANG_WARN_OBJC_IMPLICIT_RETAIN_SELF = YES;
				CLANG_WARN_OBJC_LITERAL_CONVERSION = YES;
				CLANG_WARN_OBJC_ROOT_CLASS = YES_ERROR;
				CLANG_WARN_RANGE_LOOP_ANALYSIS = YES;
				CLANG_WARN_STRICT_PROTOTYPES = YES;
				CLANG_WARN_SUSPICIOUS_MOVE = YES;
				CLANG_WARN_UNGUARDED_AVAILABILITY = YES_AGGRESSIVE;
				CLANG_WARN_UNREACHABLE_CODE = YES;
				CLANG_WARN__DUPLICATE_METHOD_MATCH = YES;
				CODE_SIGN_IDENTITY = "iPhone Developer";
				COPY_PHASE_STRIP = NO;
				CURRENT_PROJECT_VERSION = 1;
				DEBUG_INFORMATION_FORMAT = dwarf;
				ENABLE_STRICT_OBJC_MSGSEND = YES;
				ENABLE_TESTABILITY = YES;
				GCC_C_LANGUAGE_STANDARD = gnu11;
				GCC_DYNAMIC_NO_PIC = NO;
				GCC_NO_COMMON_BLOCKS = YES;
				GCC_OPTIMIZATION_LEVEL = 0;
				GCC_PREPROCESSOR_DEFINITIONS = (
					"DEBUG=1",
					"$(inherited)",
				);
				GCC_WARN_64_TO_32_BIT_CONVERSION = YES;
				GCC_WARN_ABOUT_RETURN_TYPE = YES_ERROR;
				GCC_WARN_UNDECLARED_SELECTOR = YES;
				GCC_WARN_UNINITIALIZED_AUTOS = YES_AGGRESSIVE;
				GCC_WARN_UNUSED_FUNCTION = YES;
				GCC_WARN_UNUSED_VARIABLE = YES;
				IPHONEOS_DEPLOYMENT_TARGET = 12.1;
				MTL_ENABLE_DEBUG_INFO = INCLUDE_SOURCE;
				MTL_FAST_MATH = YES;
				ONLY_ACTIVE_ARCH = YES;
				SDKROOT = iphoneos;
				SWIFT_ACTIVE_COMPILATION_CONDITIONS = DEBUG;
				SWIFT_OPTIMIZATION_LEVEL = "-Onone";
				VERSIONING_SYSTEM = "apple-generic";
				VERSION_INFO_PREFIX = "";
			};
			name = Debug;
		};
		BF02631A21C8CE3700995F2D /* Release */ = {
			isa = XCBuildConfiguration;
			buildSettings = {
				ALWAYS_SEARCH_USER_PATHS = NO;
				CLANG_ANALYZER_NONNULL = YES;
				CLANG_ANALYZER_NUMBER_OBJECT_CONVERSION = YES_AGGRESSIVE;
				CLANG_CXX_LANGUAGE_STANDARD = "gnu++14";
				CLANG_CXX_LIBRARY = "libc++";
				CLANG_ENABLE_MODULES = YES;
				CLANG_ENABLE_OBJC_ARC = YES;
				CLANG_ENABLE_OBJC_WEAK = YES;
				CLANG_WARN_BLOCK_CAPTURE_AUTORELEASING = YES;
				CLANG_WARN_BOOL_CONVERSION = YES;
				CLANG_WARN_COMMA = YES;
				CLANG_WARN_CONSTANT_CONVERSION = YES;
				CLANG_WARN_DEPRECATED_OBJC_IMPLEMENTATIONS = YES;
				CLANG_WARN_DIRECT_OBJC_ISA_USAGE = YES_ERROR;
				CLANG_WARN_DOCUMENTATION_COMMENTS = YES;
				CLANG_WARN_EMPTY_BODY = YES;
				CLANG_WARN_ENUM_CONVERSION = YES;
				CLANG_WARN_INFINITE_RECURSION = YES;
				CLANG_WARN_INT_CONVERSION = YES;
				CLANG_WARN_NON_LITERAL_NULL_CONVERSION = YES;
				CLANG_WARN_OBJC_IMPLICIT_RETAIN_SELF = YES;
				CLANG_WARN_OBJC_LITERAL_CONVERSION = YES;
				CLANG_WARN_OBJC_ROOT_CLASS = YES_ERROR;
				CLANG_WARN_RANGE_LOOP_ANALYSIS = YES;
				CLANG_WARN_STRICT_PROTOTYPES = YES;
				CLANG_WARN_SUSPICIOUS_MOVE = YES;
				CLANG_WARN_UNGUARDED_AVAILABILITY = YES_AGGRESSIVE;
				CLANG_WARN_UNREACHABLE_CODE = YES;
				CLANG_WARN__DUPLICATE_METHOD_MATCH = YES;
				CODE_SIGN_IDENTITY = "iPhone Developer";
				COPY_PHASE_STRIP = NO;
				CURRENT_PROJECT_VERSION = 1;
				DEBUG_INFORMATION_FORMAT = "dwarf-with-dsym";
				ENABLE_NS_ASSERTIONS = NO;
				ENABLE_STRICT_OBJC_MSGSEND = YES;
				GCC_C_LANGUAGE_STANDARD = gnu11;
				GCC_NO_COMMON_BLOCKS = YES;
				GCC_WARN_64_TO_32_BIT_CONVERSION = YES;
				GCC_WARN_ABOUT_RETURN_TYPE = YES_ERROR;
				GCC_WARN_UNDECLARED_SELECTOR = YES;
				GCC_WARN_UNINITIALIZED_AUTOS = YES_AGGRESSIVE;
				GCC_WARN_UNUSED_FUNCTION = YES;
				GCC_WARN_UNUSED_VARIABLE = YES;
				IPHONEOS_DEPLOYMENT_TARGET = 12.1;
				MTL_ENABLE_DEBUG_INFO = NO;
				MTL_FAST_MATH = YES;
				SDKROOT = iphoneos;
				SWIFT_COMPILATION_MODE = wholemodule;
				SWIFT_OPTIMIZATION_LEVEL = "-O";
				VALIDATE_PRODUCT = YES;
				VERSIONING_SYSTEM = "apple-generic";
				VERSION_INFO_PREFIX = "";
			};
			name = Release;
		};
		BF8B1CBF21D5C88C00C593C2 /* Debug */ = {
			isa = XCBuildConfiguration;
			baseConfigurationReference = 1E22914B7BBE260AC197730C /* Pods-WalletSDKDemo.debug.xcconfig */;
			buildSettings = {
				ASSETCATALOG_COMPILER_APPICON_NAME = AppIcon;
				CODE_SIGN_STYLE = Automatic;
				DEVELOPMENT_TEAM = A46Z766J68;
				INFOPLIST_FILE = WalletSDKDemo/Info.plist;
				LD_RUNPATH_SEARCH_PATHS = (
					"$(inherited)",
					"@executable_path/Frameworks",
				);
				PRODUCT_BUNDLE_IDENTIFIER = com.cybavo.WalletSDKDemo;
				PRODUCT_NAME = "$(TARGET_NAME)";
				SWIFT_VERSION = 4.2;
				TARGETED_DEVICE_FAMILY = "1,2";
			};
			name = Debug;
		};
		BF8B1CC021D5C88C00C593C2 /* Release */ = {
			isa = XCBuildConfiguration;
			baseConfigurationReference = A7FB6437EEEEA066D324DF38 /* Pods-WalletSDKDemo.release.xcconfig */;
			buildSettings = {
				ASSETCATALOG_COMPILER_APPICON_NAME = AppIcon;
				CODE_SIGN_STYLE = Automatic;
				DEVELOPMENT_TEAM = A46Z766J68;
				INFOPLIST_FILE = WalletSDKDemo/Info.plist;
				LD_RUNPATH_SEARCH_PATHS = (
					"$(inherited)",
					"@executable_path/Frameworks",
				);
				PRODUCT_BUNDLE_IDENTIFIER = com.cybavo.WalletSDKDemo;
				PRODUCT_NAME = "$(TARGET_NAME)";
				SWIFT_VERSION = 4.2;
				TARGETED_DEVICE_FAMILY = "1,2";
			};
			name = Release;
		};
		BF8B1CC121D5C88C00C593C2 /* Debug */ = {
			isa = XCBuildConfiguration;
			baseConfigurationReference = 57C465F6F3D7CB51E4C81B51 /* Pods-WalletSDKDemoTests.debug.xcconfig */;
			buildSettings = {
				ALWAYS_EMBED_SWIFT_STANDARD_LIBRARIES = YES;
				BUNDLE_LOADER = "$(TEST_HOST)";
				CODE_SIGN_STYLE = Automatic;
				DEVELOPMENT_TEAM = A46Z766J68;
				INFOPLIST_FILE = WalletSDKDemoTests/Info.plist;
				LD_RUNPATH_SEARCH_PATHS = (
					"$(inherited)",
					"@executable_path/Frameworks",
					"@loader_path/Frameworks",
				);
				PRODUCT_BUNDLE_IDENTIFIER = com.cybavo.WalletSDKDemoTests;
				PRODUCT_NAME = "$(TARGET_NAME)";
				SWIFT_VERSION = 4.2;
				TARGETED_DEVICE_FAMILY = "1,2";
				TEST_HOST = "$(BUILT_PRODUCTS_DIR)/WalletSDKDemo.app/WalletSDKDemo";
			};
			name = Debug;
		};
		BF8B1CC221D5C88C00C593C2 /* Release */ = {
			isa = XCBuildConfiguration;
			baseConfigurationReference = 5AF64CA89425A610BCB2DE3C /* Pods-WalletSDKDemoTests.release.xcconfig */;
			buildSettings = {
				ALWAYS_EMBED_SWIFT_STANDARD_LIBRARIES = YES;
				BUNDLE_LOADER = "$(TEST_HOST)";
				CODE_SIGN_STYLE = Automatic;
				DEVELOPMENT_TEAM = A46Z766J68;
				INFOPLIST_FILE = WalletSDKDemoTests/Info.plist;
				LD_RUNPATH_SEARCH_PATHS = (
					"$(inherited)",
					"@executable_path/Frameworks",
					"@loader_path/Frameworks",
				);
				PRODUCT_BUNDLE_IDENTIFIER = com.cybavo.WalletSDKDemoTests;
				PRODUCT_NAME = "$(TARGET_NAME)";
				SWIFT_VERSION = 4.2;
				TARGETED_DEVICE_FAMILY = "1,2";
				TEST_HOST = "$(BUILT_PRODUCTS_DIR)/WalletSDKDemo.app/WalletSDKDemo";
			};
			name = Release;
		};
		BF8B1CC321D5C88C00C593C2 /* Debug */ = {
			isa = XCBuildConfiguration;
			buildSettings = {
				ALWAYS_EMBED_SWIFT_STANDARD_LIBRARIES = YES;
				CODE_SIGN_STYLE = Automatic;
				DEVELOPMENT_TEAM = A46Z766J68;
				INFOPLIST_FILE = WalletSDKDemoUITests/Info.plist;
				LD_RUNPATH_SEARCH_PATHS = (
					"$(inherited)",
					"@executable_path/Frameworks",
					"@loader_path/Frameworks",
				);
				PRODUCT_BUNDLE_IDENTIFIER = com.cybavo.WalletSDKDemoUITests;
				PRODUCT_NAME = "$(TARGET_NAME)";
				SWIFT_VERSION = 4.2;
				TARGETED_DEVICE_FAMILY = "1,2";
				TEST_TARGET_NAME = WalletSDKDemo;
			};
			name = Debug;
		};
		BF8B1CC421D5C88C00C593C2 /* Release */ = {
			isa = XCBuildConfiguration;
			buildSettings = {
				ALWAYS_EMBED_SWIFT_STANDARD_LIBRARIES = YES;
				CODE_SIGN_STYLE = Automatic;
				DEVELOPMENT_TEAM = A46Z766J68;
				INFOPLIST_FILE = WalletSDKDemoUITests/Info.plist;
				LD_RUNPATH_SEARCH_PATHS = (
					"$(inherited)",
					"@executable_path/Frameworks",
					"@loader_path/Frameworks",
				);
				PRODUCT_BUNDLE_IDENTIFIER = com.cybavo.WalletSDKDemoUITests;
				PRODUCT_NAME = "$(TARGET_NAME)";
				SWIFT_VERSION = 4.2;
				TARGETED_DEVICE_FAMILY = "1,2";
				TEST_TARGET_NAME = WalletSDKDemo;
			};
			name = Release;
		};
/* End XCBuildConfiguration section */

/* Begin XCConfigurationList section */
		BF02630121C8CE3700995F2D /* Build configuration list for PBXProject "CYBAVOWallet" */ = {
			isa = XCConfigurationList;
			buildConfigurations = (
				BF02631921C8CE3700995F2D /* Debug */,
				BF02631A21C8CE3700995F2D /* Release */,
			);
			defaultConfigurationIsVisible = 0;
			defaultConfigurationName = Release;
		};
		BF8B1CC521D5C88C00C593C2 /* Build configuration list for PBXNativeTarget "WalletSDKDemo" */ = {
			isa = XCConfigurationList;
			buildConfigurations = (
				BF8B1CBF21D5C88C00C593C2 /* Debug */,
				BF8B1CC021D5C88C00C593C2 /* Release */,
			);
			defaultConfigurationIsVisible = 0;
			defaultConfigurationName = Release;
		};
		BF8B1CC621D5C88C00C593C2 /* Build configuration list for PBXNativeTarget "WalletSDKDemoTests" */ = {
			isa = XCConfigurationList;
			buildConfigurations = (
				BF8B1CC121D5C88C00C593C2 /* Debug */,
				BF8B1CC221D5C88C00C593C2 /* Release */,
			);
			defaultConfigurationIsVisible = 0;
			defaultConfigurationName = Release;
		};
		BF8B1CC721D5C88C00C593C2 /* Build configuration list for PBXNativeTarget "WalletSDKDemoUITests" */ = {
			isa = XCConfigurationList;
			buildConfigurations = (
				BF8B1CC321D5C88C00C593C2 /* Debug */,
				BF8B1CC421D5C88C00C593C2 /* Release */,
			);
			defaultConfigurationIsVisible = 0;
			defaultConfigurationName = Release;
		};
/* End XCConfigurationList section */
	};
	rootObject = BF0262FE21C8CE3700995F2D /* Project object */;
}
